// !$*UTF8*$!
{
	archiveVersion = 1;
	classes = {
	};
	objectVersion = 55;
	objects = {

/* Begin PBXBuildFile section */
		385D62F2ACD5ED0B20F85599 /* Pods_CapstoneProject.framework in Frameworks */ = {isa = PBXBuildFile; fileRef = 0626FC6125426D9ADE737938 /* Pods_CapstoneProject.framework */; };
		43E363D727B6C838009E5803 /* CapstoneProjectApp.swift in Sources */ = {isa = PBXBuildFile; fileRef = 43E363D627B6C838009E5803 /* CapstoneProjectApp.swift */; };
		43E363D927B6C838009E5803 /* LaunchView.swift in Sources */ = {isa = PBXBuildFile; fileRef = 43E363D827B6C838009E5803 /* LaunchView.swift */; };
		43E363DB27B6C83A009E5803 /* Assets.xcassets in Resources */ = {isa = PBXBuildFile; fileRef = 43E363DA27B6C83A009E5803 /* Assets.xcassets */; };
		43E363DE27B6C83A009E5803 /* Preview Assets.xcassets in Resources */ = {isa = PBXBuildFile; fileRef = 43E363DD27B6C83A009E5803 /* Preview Assets.xcassets */; };
		43E363E927B6CA0F009E5803 /* GoogleService-Info.plist in Resources */ = {isa = PBXBuildFile; fileRef = 43E363E827B6CA0F009E5803 /* GoogleService-Info.plist */; };
		43E363EB27B6CB7C009E5803 /* UserModel.swift in Sources */ = {isa = PBXBuildFile; fileRef = 43E363EA27B6CB7C009E5803 /* UserModel.swift */; };
		43E363ED27B6CD65009E5803 /* LoginView.swift in Sources */ = {isa = PBXBuildFile; fileRef = 43E363EC27B6CD65009E5803 /* LoginView.swift */; };
		43E363EF27B6D022009E5803 /* Constants.swift in Sources */ = {isa = PBXBuildFile; fileRef = 43E363EE27B6D022009E5803 /* Constants.swift */; };
		43E363F127B6FCC8009E5803 /* User.swift in Sources */ = {isa = PBXBuildFile; fileRef = 43E363F027B6FCC8009E5803 /* User.swift */; };
		43E363F327B6FCDC009E5803 /* UserService.swift in Sources */ = {isa = PBXBuildFile; fileRef = 43E363F227B6FCDC009E5803 /* UserService.swift */; };
		43E363F527B6FECB009E5803 /* ProfileView.swift in Sources */ = {isa = PBXBuildFile; fileRef = 43E363F427B6FECB009E5803 /* ProfileView.swift */; };
/* End PBXBuildFile section */

/* Begin PBXFileReference section */
		0626FC6125426D9ADE737938 /* Pods_CapstoneProject.framework */ = {isa = PBXFileReference; explicitFileType = wrapper.framework; includeInIndex = 0; path = Pods_CapstoneProject.framework; sourceTree = BUILT_PRODUCTS_DIR; };
		43E363D327B6C838009E5803 /* CapstoneProject.app */ = {isa = PBXFileReference; explicitFileType = wrapper.application; includeInIndex = 0; path = CapstoneProject.app; sourceTree = BUILT_PRODUCTS_DIR; };
		43E363D627B6C838009E5803 /* CapstoneProjectApp.swift */ = {isa = PBXFileReference; lastKnownFileType = sourcecode.swift; path = CapstoneProjectApp.swift; sourceTree = "<group>"; };
		43E363D827B6C838009E5803 /* LaunchView.swift */ = {isa = PBXFileReference; lastKnownFileType = sourcecode.swift; path = LaunchView.swift; sourceTree = "<group>"; };
		43E363DA27B6C83A009E5803 /* Assets.xcassets */ = {isa = PBXFileReference; lastKnownFileType = folder.assetcatalog; path = Assets.xcassets; sourceTree = "<group>"; };
		43E363DD27B6C83A009E5803 /* Preview Assets.xcassets */ = {isa = PBXFileReference; lastKnownFileType = folder.assetcatalog; path = "Preview Assets.xcassets"; sourceTree = "<group>"; };
		43E363E827B6CA0F009E5803 /* GoogleService-Info.plist */ = {isa = PBXFileReference; fileEncoding = 4; lastKnownFileType = text.plist.xml; path = "GoogleService-Info.plist"; sourceTree = "<group>"; };
		43E363EA27B6CB7C009E5803 /* UserModel.swift */ = {isa = PBXFileReference; lastKnownFileType = sourcecode.swift; path = UserModel.swift; sourceTree = "<group>"; };
		43E363EC27B6CD65009E5803 /* LoginView.swift */ = {isa = PBXFileReference; lastKnownFileType = sourcecode.swift; path = LoginView.swift; sourceTree = "<group>"; };
		43E363EE27B6D022009E5803 /* Constants.swift */ = {isa = PBXFileReference; lastKnownFileType = sourcecode.swift; path = Constants.swift; sourceTree = "<group>"; };
		43E363F027B6FCC8009E5803 /* User.swift */ = {isa = PBXFileReference; lastKnownFileType = sourcecode.swift; path = User.swift; sourceTree = "<group>"; };
		43E363F227B6FCDC009E5803 /* UserService.swift */ = {isa = PBXFileReference; lastKnownFileType = sourcecode.swift; path = UserService.swift; sourceTree = "<group>"; };
		43E363F427B6FECB009E5803 /* ProfileView.swift */ = {isa = PBXFileReference; lastKnownFileType = sourcecode.swift; path = ProfileView.swift; sourceTree = "<group>"; };
		555B26B9679E5915434FD9E7 /* Pods-CapstoneProject.release.xcconfig */ = {isa = PBXFileReference; includeInIndex = 1; lastKnownFileType = text.xcconfig; name = "Pods-CapstoneProject.release.xcconfig"; path = "Target Support Files/Pods-CapstoneProject/Pods-CapstoneProject.release.xcconfig"; sourceTree = "<group>"; };
		C7CD0CE6AB6EFB9F91DD8908 /* Pods-CapstoneProject.debug.xcconfig */ = {isa = PBXFileReference; includeInIndex = 1; lastKnownFileType = text.xcconfig; name = "Pods-CapstoneProject.debug.xcconfig"; path = "Target Support Files/Pods-CapstoneProject/Pods-CapstoneProject.debug.xcconfig"; sourceTree = "<group>"; };
/* End PBXFileReference section */

/* Begin PBXFrameworksBuildPhase section */
		43E363D027B6C838009E5803 /* Frameworks */ = {
			isa = PBXFrameworksBuildPhase;
			buildActionMask = 2147483647;
			files = (
				385D62F2ACD5ED0B20F85599 /* Pods_CapstoneProject.framework in Frameworks */,
			);
			runOnlyForDeploymentPostprocessing = 0;
		};
/* End PBXFrameworksBuildPhase section */

/* Begin PBXGroup section */
		43E363CA27B6C838009E5803 = {
			isa = PBXGroup;
			children = (
				43E363D527B6C838009E5803 /* CapstoneProject */,
				43E363D427B6C838009E5803 /* Products */,
				69B24D9B5E789040076B00C7 /* Pods */,
				9205531A147F6F3D35E02C9D /* Frameworks */,
			);
			sourceTree = "<group>";
		};
		43E363D427B6C838009E5803 /* Products */ = {
			isa = PBXGroup;
			children = (
				43E363D327B6C838009E5803 /* CapstoneProject.app */,
			);
			name = Products;
			sourceTree = "<group>";
		};
		43E363D527B6C838009E5803 /* CapstoneProject */ = {
			isa = PBXGroup;
			children = (
				43E363D627B6C838009E5803 /* CapstoneProjectApp.swift */,
				43E363E427B6C8A2009E5803 /* Views */,
				43E363E527B6C8AA009E5803 /* ViewModels */,
				43E363E627B6C8B4009E5803 /* Models */,
				43E363E727B6C8C4009E5803 /* Helpers */,
				43E363DA27B6C83A009E5803 /* Assets.xcassets */,
				43E363E827B6CA0F009E5803 /* GoogleService-Info.plist */,
				43E363DC27B6C83A009E5803 /* Preview Content */,
			);
			path = CapstoneProject;
			sourceTree = "<group>";
		};
		43E363DC27B6C83A009E5803 /* Preview Content */ = {
			isa = PBXGroup;
			children = (
				43E363DD27B6C83A009E5803 /* Preview Assets.xcassets */,
			);
			path = "Preview Content";
			sourceTree = "<group>";
		};
		43E363E427B6C8A2009E5803 /* Views */ = {
			isa = PBXGroup;
			children = (
				43E363D827B6C838009E5803 /* LaunchView.swift */,
				43E363EC27B6CD65009E5803 /* LoginView.swift */,
				43E363F427B6FECB009E5803 /* ProfileView.swift */,
			);
			path = Views;
			sourceTree = "<group>";
		};
		43E363E527B6C8AA009E5803 /* ViewModels */ = {
			isa = PBXGroup;
			children = (
				43E363EA27B6CB7C009E5803 /* UserModel.swift */,
			);
			path = ViewModels;
			sourceTree = "<group>";
		};
		43E363E627B6C8B4009E5803 /* Models */ = {
			isa = PBXGroup;
			children = (
				43E363F027B6FCC8009E5803 /* User.swift */,
			);
			path = Models;
			sourceTree = "<group>";
		};
		43E363E727B6C8C4009E5803 /* Helpers */ = {
			isa = PBXGroup;
			children = (
				43E363EE27B6D022009E5803 /* Constants.swift */,
				43E363F227B6FCDC009E5803 /* UserService.swift */,
			);
			path = Helpers;
			sourceTree = "<group>";
		};
		69B24D9B5E789040076B00C7 /* Pods */ = {
			isa = PBXGroup;
			children = (
				C7CD0CE6AB6EFB9F91DD8908 /* Pods-CapstoneProject.debug.xcconfig */,
				555B26B9679E5915434FD9E7 /* Pods-CapstoneProject.release.xcconfig */,
			);
			path = Pods;
			sourceTree = "<group>";
		};
		9205531A147F6F3D35E02C9D /* Frameworks */ = {
			isa = PBXGroup;
			children = (
				0626FC6125426D9ADE737938 /* Pods_CapstoneProject.framework */,
			);
			name = Frameworks;
			sourceTree = "<group>";
		};
/* End PBXGroup section */

/* Begin PBXNativeTarget section */
		43E363D227B6C838009E5803 /* CapstoneProject */ = {
			isa = PBXNativeTarget;
			buildConfigurationList = 43E363E127B6C83A009E5803 /* Build configuration list for PBXNativeTarget "CapstoneProject" */;
			buildPhases = (
				1F63DA00B2C58FCF36007AD3 /* [CP] Check Pods Manifest.lock */,
				43E363CF27B6C838009E5803 /* Sources */,
				43E363D027B6C838009E5803 /* Frameworks */,
				43E363D127B6C838009E5803 /* Resources */,
				6D8861920408658C49FB18CD /* [CP] Embed Pods Frameworks */,
			);
			buildRules = (
			);
			dependencies = (
			);
			name = CapstoneProject;
			productName = CapstoneProject;
			productReference = 43E363D327B6C838009E5803 /* CapstoneProject.app */;
			productType = "com.apple.product-type.application";
		};
/* End PBXNativeTarget section */

/* Begin PBXProject section */
		43E363CB27B6C838009E5803 /* Project object */ = {
			isa = PBXProject;
			attributes = {
				BuildIndependentTargetsInParallel = 1;
				LastSwiftUpdateCheck = 1320;
				LastUpgradeCheck = 1320;
				TargetAttributes = {
					43E363D227B6C838009E5803 = {
						CreatedOnToolsVersion = 13.2.1;
					};
				};
			};
			buildConfigurationList = 43E363CE27B6C838009E5803 /* Build configuration list for PBXProject "CapstoneProject" */;
			compatibilityVersion = "Xcode 13.0";
			developmentRegion = en;
			hasScannedForEncodings = 0;
			knownRegions = (
				en,
				Base,
			);
			mainGroup = 43E363CA27B6C838009E5803;
			productRefGroup = 43E363D427B6C838009E5803 /* Products */;
			projectDirPath = "";
			projectRoot = "";
			targets = (
				43E363D227B6C838009E5803 /* CapstoneProject */,
			);
		};
/* End PBXProject section */

/* Begin PBXResourcesBuildPhase section */
		43E363D127B6C838009E5803 /* Resources */ = {
			isa = PBXResourcesBuildPhase;
			buildActionMask = 2147483647;
			files = (
				43E363DE27B6C83A009E5803 /* Preview Assets.xcassets in Resources */,
				43E363DB27B6C83A009E5803 /* Assets.xcassets in Resources */,
				43E363E927B6CA0F009E5803 /* GoogleService-Info.plist in Resources */,
			);
			runOnlyForDeploymentPostprocessing = 0;
		};
/* End PBXResourcesBuildPhase section */

/* Begin PBXShellScriptBuildPhase section */
		1F63DA00B2C58FCF36007AD3 /* [CP] Check Pods Manifest.lock */ = {
			isa = PBXShellScriptBuildPhase;
			buildActionMask = 2147483647;
			files = (
			);
			inputFileListPaths = (
			);
			inputPaths = (
				"${PODS_PODFILE_DIR_PATH}/Podfile.lock",
				"${PODS_ROOT}/Manifest.lock",
			);
			name = "[CP] Check Pods Manifest.lock";
			outputFileListPaths = (
			);
			outputPaths = (
				"$(DERIVED_FILE_DIR)/Pods-CapstoneProject-checkManifestLockResult.txt",
			);
			runOnlyForDeploymentPostprocessing = 0;
			shellPath = /bin/sh;
			shellScript = "diff \"${PODS_PODFILE_DIR_PATH}/Podfile.lock\" \"${PODS_ROOT}/Manifest.lock\" > /dev/null\nif [ $? != 0 ] ; then\n    # print error to STDERR\n    echo \"error: The sandbox is not in sync with the Podfile.lock. Run 'pod install' or update your CocoaPods installation.\" >&2\n    exit 1\nfi\n# This output is used by Xcode 'outputs' to avoid re-running this script phase.\necho \"SUCCESS\" > \"${SCRIPT_OUTPUT_FILE_0}\"\n";
			showEnvVarsInLog = 0;
		};
		6D8861920408658C49FB18CD /* [CP] Embed Pods Frameworks */ = {
			isa = PBXShellScriptBuildPhase;
			buildActionMask = 2147483647;
			files = (
			);
			inputFileListPaths = (
				"${PODS_ROOT}/Target Support Files/Pods-CapstoneProject/Pods-CapstoneProject-frameworks-${CONFIGURATION}-input-files.xcfilelist",
			);
			name = "[CP] Embed Pods Frameworks";
			outputFileListPaths = (
				"${PODS_ROOT}/Target Support Files/Pods-CapstoneProject/Pods-CapstoneProject-frameworks-${CONFIGURATION}-output-files.xcfilelist",
			);
			runOnlyForDeploymentPostprocessing = 0;
			shellPath = /bin/sh;
			shellScript = "\"${PODS_ROOT}/Target Support Files/Pods-CapstoneProject/Pods-CapstoneProject-frameworks.sh\"\n";
			showEnvVarsInLog = 0;
		};
/* End PBXShellScriptBuildPhase section */

/* Begin PBXSourcesBuildPhase section */
		43E363CF27B6C838009E5803 /* Sources */ = {
			isa = PBXSourcesBuildPhase;
			buildActionMask = 2147483647;
			files = (
				43E363F527B6FECB009E5803 /* ProfileView.swift in Sources */,
				43E363F327B6FCDC009E5803 /* UserService.swift in Sources */,
				43E363EF27B6D022009E5803 /* Constants.swift in Sources */,
				43E363D927B6C838009E5803 /* LaunchView.swift in Sources */,
				43E363F127B6FCC8009E5803 /* User.swift in Sources */,
				43E363EB27B6CB7C009E5803 /* UserModel.swift in Sources */,
				43E363ED27B6CD65009E5803 /* LoginView.swift in Sources */,
				43E363D727B6C838009E5803 /* CapstoneProjectApp.swift in Sources */,
			);
			runOnlyForDeploymentPostprocessing = 0;
		};
/* End PBXSourcesBuildPhase section */

/* Begin XCBuildConfiguration section */
		43E363DF27B6C83A009E5803 /* Debug */ = {
			isa = XCBuildConfiguration;
			buildSettings = {
				ALWAYS_SEARCH_USER_PATHS = NO;
				CLANG_ANALYZER_NONNULL = YES;
				CLANG_ANALYZER_NUMBER_OBJECT_CONVERSION = YES_AGGRESSIVE;
				CLANG_CXX_LANGUAGE_STANDARD = "gnu++17";
				CLANG_CXX_LIBRARY = "libc++";
				CLANG_ENABLE_MODULES = YES;
				CLANG_ENABLE_OBJC_ARC = YES;
				CLANG_ENABLE_OBJC_WEAK = YES;
				CLANG_WARN_BLOCK_CAPTURE_AUTORELEASING = YES;
				CLANG_WARN_BOOL_CONVERSION = YES;
				CLANG_WARN_COMMA = YES;
				CLANG_WARN_CONSTANT_CONVERSION = YES;
				CLANG_WARN_DEPRECATED_OBJC_IMPLEMENTATIONS = YES;
				CLANG_WARN_DIRECT_OBJC_ISA_USAGE = YES_ERROR;
				CLANG_WARN_DOCUMENTATION_COMMENTS = YES;
				CLANG_WARN_EMPTY_BODY = YES;
				CLANG_WARN_ENUM_CONVERSION = YES;
				CLANG_WARN_INFINITE_RECURSION = YES;
				CLANG_WARN_INT_CONVERSION = YES;
				CLANG_WARN_NON_LITERAL_NULL_CONVERSION = YES;
				CLANG_WARN_OBJC_IMPLICIT_RETAIN_SELF = YES;
				CLANG_WARN_OBJC_LITERAL_CONVERSION = YES;
				CLANG_WARN_OBJC_ROOT_CLASS = YES_ERROR;
				CLANG_WARN_QUOTED_INCLUDE_IN_FRAMEWORK_HEADER = YES;
				CLANG_WARN_RANGE_LOOP_ANALYSIS = YES;
				CLANG_WARN_STRICT_PROTOTYPES = YES;
				CLANG_WARN_SUSPICIOUS_MOVE = YES;
				CLANG_WARN_UNGUARDED_AVAILABILITY = YES_AGGRESSIVE;
				CLANG_WARN_UNREACHABLE_CODE = YES;
				CLANG_WARN__DUPLICATE_METHOD_MATCH = YES;
				COPY_PHASE_STRIP = NO;
				DEBUG_INFORMATION_FORMAT = dwarf;
				ENABLE_STRICT_OBJC_MSGSEND = YES;
				ENABLE_TESTABILITY = YES;
				GCC_C_LANGUAGE_STANDARD = gnu11;
				GCC_DYNAMIC_NO_PIC = NO;
				GCC_NO_COMMON_BLOCKS = YES;
				GCC_OPTIMIZATION_LEVEL = 0;
				GCC_PREPROCESSOR_DEFINITIONS = (
					"DEBUG=1",
					"$(inherited)",
				);
				GCC_WARN_64_TO_32_BIT_CONVERSION = YES;
				GCC_WARN_ABOUT_RETURN_TYPE = YES_ERROR;
				GCC_WARN_UNDECLARED_SELECTOR = YES;
				GCC_WARN_UNINITIALIZED_AUTOS = YES_AGGRESSIVE;
				GCC_WARN_UNUSED_FUNCTION = YES;
				GCC_WARN_UNUSED_VARIABLE = YES;
				IPHONEOS_DEPLOYMENT_TARGET = 15.2;
				MTL_ENABLE_DEBUG_INFO = INCLUDE_SOURCE;
				MTL_FAST_MATH = YES;
				ONLY_ACTIVE_ARCH = YES;
				SDKROOT = iphoneos;
				SWIFT_ACTIVE_COMPILATION_CONDITIONS = DEBUG;
				SWIFT_OPTIMIZATION_LEVEL = "-Onone";
			};
			name = Debug;
		};
		43E363E027B6C83A009E5803 /* Release */ = {
			isa = XCBuildConfiguration;
			buildSettings = {
				ALWAYS_SEARCH_USER_PATHS = NO;
				CLANG_ANALYZER_NONNULL = YES;
				CLANG_ANALYZER_NUMBER_OBJECT_CONVERSION = YES_AGGRESSIVE;
				CLANG_CXX_LANGUAGE_STANDARD = "gnu++17";
				CLANG_CXX_LIBRARY = "libc++";
				CLANG_ENABLE_MODULES = YES;
				CLANG_ENABLE_OBJC_ARC = YES;
				CLANG_ENABLE_OBJC_WEAK = YES;
				CLANG_WARN_BLOCK_CAPTURE_AUTORELEASING = YES;
				CLANG_WARN_BOOL_CONVERSION = YES;
				CLANG_WARN_COMMA = YES;
				CLANG_WARN_CONSTANT_CONVERSION = YES;
				CLANG_WARN_DEPRECATED_OBJC_IMPLEMENTATIONS = YES;
				CLANG_WARN_DIRECT_OBJC_ISA_USAGE = YES_ERROR;
				CLANG_WARN_DOCUMENTATION_COMMENTS = YES;
				CLANG_WARN_EMPTY_BODY = YES;
				CLANG_WARN_ENUM_CONVERSION = YES;
				CLANG_WARN_INFINITE_RECURSION = YES;
				CLANG_WARN_INT_CONVERSION = YES;
				CLANG_WARN_NON_LITERAL_NULL_CONVERSION = YES;
				CLANG_WARN_OBJC_IMPLICIT_RETAIN_SELF = YES;
				CLANG_WARN_OBJC_LITERAL_CONVERSION = YES;
				CLANG_WARN_OBJC_ROOT_CLASS = YES_ERROR;
				CLANG_WARN_QUOTED_INCLUDE_IN_FRAMEWORK_HEADER = YES;
				CLANG_WARN_RANGE_LOOP_ANALYSIS = YES;
				CLANG_WARN_STRICT_PROTOTYPES = YES;
				CLANG_WARN_SUSPICIOUS_MOVE = YES;
				CLANG_WARN_UNGUARDED_AVAILABILITY = YES_AGGRESSIVE;
				CLANG_WARN_UNREACHABLE_CODE = YES;
				CLANG_WARN__DUPLICATE_METHOD_MATCH = YES;
				COPY_PHASE_STRIP = NO;
				DEBUG_INFORMATION_FORMAT = "dwarf-with-dsym";
				ENABLE_NS_ASSERTIONS = NO;
				ENABLE_STRICT_OBJC_MSGSEND = YES;
				GCC_C_LANGUAGE_STANDARD = gnu11;
				GCC_NO_COMMON_BLOCKS = YES;
				GCC_WARN_64_TO_32_BIT_CONVERSION = YES;
				GCC_WARN_ABOUT_RETURN_TYPE = YES_ERROR;
				GCC_WARN_UNDECLARED_SELECTOR = YES;
				GCC_WARN_UNINITIALIZED_AUTOS = YES_AGGRESSIVE;
				GCC_WARN_UNUSED_FUNCTION = YES;
				GCC_WARN_UNUSED_VARIABLE = YES;
				IPHONEOS_DEPLOYMENT_TARGET = 15.2;
				MTL_ENABLE_DEBUG_INFO = NO;
				MTL_FAST_MATH = YES;
				SDKROOT = iphoneos;
				SWIFT_COMPILATION_MODE = wholemodule;
				SWIFT_OPTIMIZATION_LEVEL = "-O";
				VALIDATE_PRODUCT = YES;
			};
			name = Release;
		};
		43E363E227B6C83A009E5803 /* Debug */ = {
			isa = XCBuildConfiguration;
			baseConfigurationReference = C7CD0CE6AB6EFB9F91DD8908 /* Pods-CapstoneProject.debug.xcconfig */;
			buildSettings = {
				ASSETCATALOG_COMPILER_APPICON_NAME = AppIcon;
				ASSETCATALOG_COMPILER_GLOBAL_ACCENT_COLOR_NAME = AccentColor;
				CODE_SIGN_STYLE = Automatic;
				CURRENT_PROJECT_VERSION = 1;
				DEVELOPMENT_ASSET_PATHS = "\"CapstoneProject/Preview Content\"";
				DEVELOPMENT_TEAM = 6DNY3CMBDZ;
				ENABLE_PREVIEWS = YES;
				GENERATE_INFOPLIST_FILE = YES;
				INFOPLIST_KEY_UIApplicationSceneManifest_Generation = YES;
				INFOPLIST_KEY_UIApplicationSupportsIndirectInputEvents = YES;
				INFOPLIST_KEY_UILaunchScreen_Generation = YES;
				INFOPLIST_KEY_UISupportedInterfaceOrientations_iPad = "UIInterfaceOrientationPortrait UIInterfaceOrientationPortraitUpsideDown UIInterfaceOrientationLandscapeLeft UIInterfaceOrientationLandscapeRight";
				INFOPLIST_KEY_UISupportedInterfaceOrientations_iPhone = "UIInterfaceOrientationPortrait UIInterfaceOrientationLandscapeLeft UIInterfaceOrientationLandscapeRight";
				LD_RUNPATH_SEARCH_PATHS = (
					"$(inherited)",
					"@executable_path/Frameworks",
				);
				MARKETING_VERSION = 1.0;
				PRODUCT_BUNDLE_IDENTIFIER = com.masongarrett.CapstoneProject;
				PRODUCT_NAME = "$(TARGET_NAME)";
				SWIFT_EMIT_LOC_STRINGS = YES;
				SWIFT_VERSION = 5.0;
				TARGETED_DEVICE_FAMILY = "1,2";
			};
			name = Debug;
		};
		43E363E327B6C83A009E5803 /* Release */ = {
			isa = XCBuildConfiguration;
			baseConfigurationReference = 555B26B9679E5915434FD9E7 /* Pods-CapstoneProject.release.xcconfig */;
			buildSettings = {
				ASSETCATALOG_COMPILER_APPICON_NAME = AppIcon;
				ASSETCATALOG_COMPILER_GLOBAL_ACCENT_COLOR_NAME = AccentColor;
				CODE_SIGN_STYLE = Automatic;
				CURRENT_PROJECT_VERSION = 1;
				DEVELOPMENT_ASSET_PATHS = "\"CapstoneProject/Preview Content\"";
				DEVELOPMENT_TEAM = 6DNY3CMBDZ;
				ENABLE_PREVIEWS = YES;
				GENERATE_INFOPLIST_FILE = YES;
				INFOPLIST_KEY_UIApplicationSceneManifest_Generation = YES;
				INFOPLIST_KEY_UIApplicationSupportsIndirectInputEvents = YES;
				INFOPLIST_KEY_UILaunchScreen_Generation = YES;
				INFOPLIST_KEY_UISupportedInterfaceOrientations_iPad = "UIInterfaceOrientationPortrait UIInterfaceOrientationPortraitUpsideDown UIInterfaceOrientationLandscapeLeft UIInterfaceOrientationLandscapeRight";
				INFOPLIST_KEY_UISupportedInterfaceOrientations_iPhone = "UIInterfaceOrientationPortrait UIInterfaceOrientationLandscapeLeft UIInterfaceOrientationLandscapeRight";
				LD_RUNPATH_SEARCH_PATHS = (
					"$(inherited)",
					"@executable_path/Frameworks",
				);
				MARKETING_VERSION = 1.0;
				PRODUCT_BUNDLE_IDENTIFIER = com.masongarrett.CapstoneProject;
				PRODUCT_NAME = "$(TARGET_NAME)";
				SWIFT_EMIT_LOC_STRINGS = YES;
				SWIFT_VERSION = 5.0;
				TARGETED_DEVICE_FAMILY = "1,2";
			};
			name = Release;
		};
/* End XCBuildConfiguration section */

/* Begin XCConfigurationList section */
		43E363CE27B6C838009E5803 /* Build configuration list for PBXProject "CapstoneProject" */ = {
			isa = XCConfigurationList;
			buildConfigurations = (
				43E363DF27B6C83A009E5803 /* Debug */,
				43E363E027B6C83A009E5803 /* Release */,
			);
			defaultConfigurationIsVisible = 0;
			defaultConfigurationName = Release;
		};
		43E363E127B6C83A009E5803 /* Build configuration list for PBXNativeTarget "CapstoneProject" */ = {
			isa = XCConfigurationList;
			buildConfigurations = (
				43E363E227B6C83A009E5803 /* Debug */,
				43E363E327B6C83A009E5803 /* Release */,
			);
			defaultConfigurationIsVisible = 0;
			defaultConfigurationName = Release;
		};
/* End XCConfigurationList section */
	};
	rootObject = 43E363CB27B6C838009E5803 /* Project object */;
}
